
Microsoft Visual Studio Solution File, Format Version 12.00
# Visual Studio Version 17
VisualStudioVersion = 17.5.33530.505
MinimumVisualStudioVersion = 10.0.40219.1
Project("{FAE04EC0-301F-11D3-BF4B-00C04F79EFBC}") = "Clinic", "Assignment 3\Clinic.csproj", "{889E3064-F33C-4ECA-ACDA-8C1D5DD82A15}"
EndProject
Project("{FAE04EC0-301F-11D3-BF4B-00C04F79EFBC}") = "Notes", "Notes\Notes.csproj", "{F30E3684-4A72-4DA0-B884-56B0584C8F94}"
EndProject
Global
	GlobalSection(SolutionConfigurationPlatforms) = preSolution
		Debug|Any CPU = Debug|Any CPU
		Release|Any CPU = Release|Any CPU
	EndGlobalSection
	GlobalSection(ProjectConfigurationPlatforms) = postSolution
		{889E3064-F33C-4ECA-ACDA-8C1D5DD82A15}.Debug|Any CPU.ActiveCfg = Debug|Any CPU
		{889E3064-F33C-4ECA-ACDA-8C1D5DD82A15}.Debug|Any CPU.Build.0 = Debug|Any CPU
		{889E3064-F33C-4ECA-ACDA-8C1D5DD82A15}.Release|Any CPU.ActiveCfg = Release|Any CPU
		{889E3064-F33C-4ECA-ACDA-8C1D5DD82A15}.Release|Any CPU.Build.0 = Release|Any CPU
		{F30E3684-4A72-4DA0-B884-56B0584C8F94}.Debug|Any CPU.ActiveCfg = Debug|Any CPU
		{F30E3684-4A72-4DA0-B884-56B0584C8F94}.Debug|Any CPU.Build.0 = Debug|Any CPU
		{F30E3684-4A72-4DA0-B884-56B0584C8F94}.Release|Any CPU.ActiveCfg = Release|Any CPU
		{F30E3684-4A72-4DA0-B884-56B0584C8F94}.Release|Any CPU.Build.0 = Release|Any CPU
	EndGlobalSection
	GlobalSection(SolutionProperties) = preSolution
		HideSolutionNode = FALSE
	EndGlobalSection
	GlobalSection(ExtensibilityGlobals) = postSolution
		SolutionGuid = {91D25524-BE6C-46E5-A01B-868909BFEE92}
	EndGlobalSection
EndGlobal
